
Microsoft Visual Studio Solution File, Format Version 12.00
# Visual Studio 15
VisualStudioVersion = 15.0.27130.2020
MinimumVisualStudioVersion = 10.0.40219.1
Project("{888888A0-9F3D-457C-B088-3A5042F75D52}") = "PyDraw", "PyDraw\PyDraw.pyproj", "{D0D5921B-6D78-456F-8E08-6325129CABB6}"
EndProject
Global
	GlobalSection(SolutionConfigurationPlatforms) = preSolution
		Debug|Any CPU = Debug|Any CPU
		Release|Any CPU = Release|Any CPU
	EndGlobalSection
	GlobalSection(ProjectConfigurationPlatforms) = postSolution
		{D0D5921B-6D78-456F-8E08-6325129CABB6}.Debug|Any CPU.ActiveCfg = Debug|Any CPU
		{D0D5921B-6D78-456F-8E08-6325129CABB6}.Release|Any CPU.ActiveCfg = Release|Any CPU
	EndGlobalSection
	GlobalSection(SolutionProperties) = preSolution
		HideSolutionNode = FALSE
	EndGlobalSection
	GlobalSection(ExtensibilityGlobals) = postSolution
		SolutionGuid = {470F7FBC-F331-4808-9F23-46CD1942DE42}
	EndGlobalSection
EndGlobal
